
Microsoft Visual Studio Solution File, Format Version 12.00
# Visual Studio 15
VisualStudioVersion = 15.0.28307.329
MinimumVisualStudioVersion = 10.0.40219.1
Project("{FAE04EC0-301F-11D3-BF4B-00C04F79EFBC}") = "AspNetMvciTextSharp", "AspNetMvciTextSharp\AspNetMvciTextSharp.csproj", "{E5B8BFE1-EA4A-4D13-B13C-29B74EC5E6A3}"
EndProject
Global
	GlobalSection(SolutionConfigurationPlatforms) = preSolution
		Debug|Any CPU = Debug|Any CPU
		Release|Any CPU = Release|Any CPU
	EndGlobalSection
	GlobalSection(ProjectConfigurationPlatforms) = postSolution
		{E5B8BFE1-EA4A-4D13-B13C-29B74EC5E6A3}.Debug|Any CPU.ActiveCfg = Debug|Any CPU
		{E5B8BFE1-EA4A-4D13-B13C-29B74EC5E6A3}.Debug|Any CPU.Build.0 = Debug|Any CPU
		{E5B8BFE1-EA4A-4D13-B13C-29B74EC5E6A3}.Release|Any CPU.ActiveCfg = Release|Any CPU
		{E5B8BFE1-EA4A-4D13-B13C-29B74EC5E6A3}.Release|Any CPU.Build.0 = Release|Any CPU
	EndGlobalSection
	GlobalSection(SolutionProperties) = preSolution
		HideSolutionNode = FALSE
	EndGlobalSection
	GlobalSection(ExtensibilityGlobals) = postSolution
		SolutionGuid = {87D054AE-3049-4F79-BB42-0D03232EE3FB}
	EndGlobalSection
EndGlobal
